
Microsoft Visual Studio Solution File, Format Version 12.00
# Visual Studio Version 17
VisualStudioVersion = 17.14.36221.1 d17.14
MinimumVisualStudioVersion = 10.0.40219.1
Project("{FAE04EC0-301F-11D3-BF4B-00C04F79EFBC}") = "MCCISentinal", "MCCISentinal\MCCISentinal.csproj", "{CCA40B91-9AB8-4D37-87A9-2923DE7DB619}"
EndProject
Global
	GlobalSection(SolutionConfigurationPlatforms) = preSolution
		Debug|Any CPU = Debug|Any CPU
		Release|Any CPU = Release|Any CPU
	EndGlobalSection
	GlobalSection(ProjectConfigurationPlatforms) = postSolution
		{CCA40B91-9AB8-4D37-87A9-2923DE7DB619}.Debug|Any CPU.ActiveCfg = Debug|Any CPU
		{CCA40B91-9AB8-4D37-87A9-2923DE7DB619}.Debug|Any CPU.Build.0 = Debug|Any CPU
		{CCA40B91-9AB8-4D37-87A9-2923DE7DB619}.Release|Any CPU.ActiveCfg = Release|Any CPU
		{CCA40B91-9AB8-4D37-87A9-2923DE7DB619}.Release|Any CPU.Build.0 = Release|Any CPU
	EndGlobalSection
	GlobalSection(SolutionProperties) = preSolution
		HideSolutionNode = FALSE
	EndGlobalSection
	GlobalSection(ExtensibilityGlobals) = postSolution
		SolutionGuid = {EE9D8577-B8A8-4961-B7F3-47ED68ABD459}
	EndGlobalSection
EndGlobal
